{
    "_readme": [
        "This file locks the dependencies of your project to a known state",
        "Read more about it at https://getcomposer.org/doc/01-basic-usage.md#composer-lock-the-lock-file",
        "This file is @generated automatically"
    ],
    "content-hash": "020f509a54d2380cfd2ed256a85fd368",
    "packages": [
        {
            "name": "crazy-opendata/core",
            "version": "v1.1",
            "source": {
                "type": "git",
                "url": "https://github.com/Crazy-opendata/core.git",
                "reference": "2a4faf7dfcd1370261bc20eec4b2cafc850441cc"
            },
            "dist": {
                "type": "zip",
                "url": "https://api.github.com/repos/Crazy-opendata/core/zipball/2a4faf7dfcd1370261bc20eec4b2cafc850441cc",
                "reference": "2a4faf7dfcd1370261bc20eec4b2cafc850441cc",
                "shasum": ""
            },
            "type": "library",
            "autoload": {
                "psr-4": {
                    "CrazyOpendata\\Core\\": "src/"
                }
            },
            "authors": [
                {
                    "name": "Thibault Taillandier",
                    "email": "thibault@taillandier.name"
                }
            ],
            "description": "Code for importing/exporting data to repositories",
            "support": {
                "source": "https://github.com/Crazy-opendata/core/tree/master",
                "issues": "https://github.com/Crazy-opendata/core/issues"
            },
            "time": "2017-07-18T08:01:49+00:00"
        },
        {
            "name": "prairiewest/PHPconvertDMSToDecimal",
            "version": "dev-master",
            "source": {
                "type": "git",
                "url": "https://github.com/prairiewest/PHPconvertDMSToDecimal.git",
                "reference": "b2b5ccd2fb3fb3092fe32e8a3f1bf5058cad1e25"
            },
            "dist": {
                "type": "zip",
                "url": "https://api.github.com/repos/prairiewest/PHPconvertDMSToDecimal/zipball/b2b5ccd2fb3fb3092fe32e8a3f1bf5058cad1e25",
                "reference": "b2b5ccd2fb3fb3092fe32e8a3f1bf5058cad1e25",
                "shasum": ""
            },
            "type": "library",
            "autoload": {
                "files": [
                    "convert.php"
                ]
            },
            "authors": [
                {
                    "name": "Todd Trann"
                }
            ],
            "description": " Convert degrees / minutes / seconds to decimal degrees in PHP ",
            "support": {
                "source": "https://github.com/prairiewest/PHPconvertDMSToDecimal/tree/master",
                "issues": "https://github.com/prairiewest/PHPconvertDMSToDecimal/issues"
            },
            "time": "2017-07-18T05:12:23+00:00"
        }
    ],
    "packages-dev": [],
    "aliases": [],
    "minimum-stability": "stable",
    "stability-flags": {
        "prairiewest/phpconvertdmstodecimal": 20
    },
    "prefer-stable": false,
    "prefer-lowest": false,
    "platform": [],
    "platform-dev": []
}
