{
    "_readme": [
        "This file locks the dependencies of your project to a known state",
        "Read more about it at https://getcomposer.org/doc/01-basic-usage.md#composer-lock-the-lock-file",
        "This file is @generated automatically"
    ],
    "hash": "b6a00dd047623a932f2fbb374230c1f8",
    "content-hash": "c1b7314431bdf98aed46d257f4806397",
    "packages": [
        {
            "name": "crazy-opendata/core",
            "version": "v1.0",
            "source": {
                "type": "git",
                "url": "https://github.com/Crazy-opendata/core.git",
                "reference": "cae7f9d4cb48539fa7e2fd33caf9d28e7b66091b"
            },
            "dist": {
                "type": "zip",
                "url": "https://api.github.com/repos/Crazy-opendata/core/zipball/cae7f9d4cb48539fa7e2fd33caf9d28e7b66091b",
                "reference": "cae7f9d4cb48539fa7e2fd33caf9d28e7b66091b",
                "shasum": ""
            },
            "type": "library",
            "autoload": {
                "psr-4": {
                    "CrazyOpendata\\Core\\": "src/"
                }
            },
            "authors": [
                {
                    "name": "Thibault Taillandier",
                    "email": "thibault@taillandier.name"
                }
            ],
            "description": "Code for importing/exporting data to repositories",
            "support": {
                "source": "https://github.com/Crazy-opendata/core/tree/master",
                "issues": "https://github.com/Crazy-opendata/core/issues"
            },
            "time": "2016-07-27 21:38:58"
        },
        {
            "name": "prairiewest/PHPconvertDMSToDecimal",
            "version": "dev-master",
            "source": {
                "type": "git",
                "url": "https://github.com/Wilkins/PHPconvertDMSToDecimal.git",
                "reference": "a14bfefa0303a4b18f1c5935ccb20504761e6f93"
            },
            "dist": {
                "type": "zip",
                "url": "https://api.github.com/repos/Wilkins/PHPconvertDMSToDecimal/zipball/a14bfefa0303a4b18f1c5935ccb20504761e6f93",
                "reference": "a14bfefa0303a4b18f1c5935ccb20504761e6f93",
                "shasum": ""
            },
            "type": "library",
            "autoload": {
                "files": [
                    "convert.php"
                ]
            },
            "authors": [
                {
                    "name": "Todd Trann"
                }
            ],
            "description": " Convert degrees / minutes / seconds to decimal degrees in PHP ",
            "support": {
                "source": "https://github.com/Wilkins/PHPconvertDMSToDecimal/tree/master"
            },
            "time": "2017-07-17 20:40:54"
        }
    ],
    "packages-dev": [],
    "aliases": [],
    "minimum-stability": "stable",
    "stability-flags": {
        "prairiewest/phpconvertdmstodecimal": 20
    },
    "prefer-stable": false,
    "prefer-lowest": false,
    "platform": [],
    "platform-dev": []
}
